// !$*UTF8*$!
{
	archiveVersion = 1;
	classes = {
	};
	objectVersion = 56;
	objects = {

/* Begin PBXBuildFile section */
		C97CB87D2A9F5E3600ED78EB /* AppDelegate.swift in Sources */ = {isa = PBXBuildFile; fileRef = C97CB87C2A9F5E3600ED78EB /* AppDelegate.swift */; };
		C97CB87F2A9F5E3600ED78EB /* SceneDelegate.swift in Sources */ = {isa = PBXBuildFile; fileRef = C97CB87E2A9F5E3600ED78EB /* SceneDelegate.swift */; };
		C97CB8812A9F5E3600ED78EB /* ClothesVC.swift in Sources */ = {isa = PBXBuildFile; fileRef = C97CB8802A9F5E3600ED78EB /* ClothesVC.swift */; };
		C97CB8862A9F5E3A00ED78EB /* Assets.xcassets in Resources */ = {isa = PBXBuildFile; fileRef = C97CB8852A9F5E3A00ED78EB /* Assets.xcassets */; };
		C97CB8892A9F5E3A00ED78EB /* LaunchScreen.storyboard in Resources */ = {isa = PBXBuildFile; fileRef = C97CB8872A9F5E3A00ED78EB /* LaunchScreen.storyboard */; };
		C97CB8912A9F5F3500ED78EB /* SPTabBarController.swift in Sources */ = {isa = PBXBuildFile; fileRef = C97CB8902A9F5F3500ED78EB /* SPTabBarController.swift */; };
		C97CB8982A9F62BD00ED78EB /* FavoritesVC.swift in Sources */ = {isa = PBXBuildFile; fileRef = C97CB8972A9F62BD00ED78EB /* FavoritesVC.swift */; };
		C97CB89B2A9F9B8100ED78EB /* SPBodyLabel.swift in Sources */ = {isa = PBXBuildFile; fileRef = C97CB89A2A9F9B8100ED78EB /* SPBodyLabel.swift */; };
		C97CB89E2A9F9BAF00ED78EB /* SPButton.swift in Sources */ = {isa = PBXBuildFile; fileRef = C97CB89D2A9F9BAF00ED78EB /* SPButton.swift */; };
		C97CB8A02A9F9BC600ED78EB /* SPTitleLabel.swift in Sources */ = {isa = PBXBuildFile; fileRef = C97CB89F2A9F9BC600ED78EB /* SPTitleLabel.swift */; };
		C97CB8A32A9F9CE200ED78EB /* ClotheCell.swift in Sources */ = {isa = PBXBuildFile; fileRef = C97CB8A22A9F9CE200ED78EB /* ClotheCell.swift */; };
		C97CB8A52A9F9CF200ED78EB /* ProductCell.swift in Sources */ = {isa = PBXBuildFile; fileRef = C97CB8A42A9F9CF200ED78EB /* ProductCell.swift */; };
		C97CB8A72A9F9DD600ED78EB /* ItemImageView.swift in Sources */ = {isa = PBXBuildFile; fileRef = C97CB8A62A9F9DD600ED78EB /* ItemImageView.swift */; };
		C97CB8AA2A9F9E2000ED78EB /* NetworkManager.swift in Sources */ = {isa = PBXBuildFile; fileRef = C97CB8A92A9F9E2000ED78EB /* NetworkManager.swift */; };
		C97CB8AD2A9F9F0F00ED78EB /* Product.swift in Sources */ = {isa = PBXBuildFile; fileRef = C97CB8AC2A9F9F0F00ED78EB /* Product.swift */; };
		C97CB8AF2A9FA6D100ED78EB /* APIService.swift in Sources */ = {isa = PBXBuildFile; fileRef = C97CB8AE2A9FA6D100ED78EB /* APIService.swift */; };
		C97CB8B12A9FD29E00ED78EB /* SPCategoryHeaderView.swift in Sources */ = {isa = PBXBuildFile; fileRef = C97CB8B02A9FD29E00ED78EB /* SPCategoryHeaderView.swift */; };
		C97CB8B32AA0A29A00ED78EB /* ProductDetailVC.swift in Sources */ = {isa = PBXBuildFile; fileRef = C97CB8B22AA0A29A00ED78EB /* ProductDetailVC.swift */; };
		C97CB8B62AA0A49600ED78EB /* UIView+Ext.swift in Sources */ = {isa = PBXBuildFile; fileRef = C97CB8B52AA0A49600ED78EB /* UIView+Ext.swift */; };
		C97CB8B82AA1029B00ED78EB /* HeaderItemCell.swift in Sources */ = {isa = PBXBuildFile; fileRef = C97CB8B72AA1029B00ED78EB /* HeaderItemCell.swift */; };
		C97CB8BB2AA21D8900ED78EB /* FirstSectionHeaderView.swift in Sources */ = {isa = PBXBuildFile; fileRef = C97CB8BA2AA21D8900ED78EB /* FirstSectionHeaderView.swift */; };
		C97CB8BD2AA21E2C00ED78EB /* SecondSectionHeaderView.swift in Sources */ = {isa = PBXBuildFile; fileRef = C97CB8BC2AA21E2C00ED78EB /* SecondSectionHeaderView.swift */; };
		C97CB8BF2AA21E3F00ED78EB /* ThirdSectionHeaderView.swift in Sources */ = {isa = PBXBuildFile; fileRef = C97CB8BE2AA21E3F00ED78EB /* ThirdSectionHeaderView.swift */; };
		C97CB8C12AA33DA800ED78EB /* PersistenceManager.swift in Sources */ = {isa = PBXBuildFile; fileRef = C97CB8C02AA33DA700ED78EB /* PersistenceManager.swift */; };
		C97CB8C32AA357AC00ED78EB /* FavoriteCell.swift in Sources */ = {isa = PBXBuildFile; fileRef = C97CB8C22AA357AC00ED78EB /* FavoriteCell.swift */; };
		C97CB8C52AA51E0F00ED78EB /* BagVC.swift in Sources */ = {isa = PBXBuildFile; fileRef = C97CB8C42AA51E0F00ED78EB /* BagVC.swift */; };
		C97CB8C72AA5220E00ED78EB /* SPBorderedButton.swift in Sources */ = {isa = PBXBuildFile; fileRef = C97CB8C62AA5220E00ED78EB /* SPBorderedButton.swift */; };
/* End PBXBuildFile section */

/* Begin PBXFileReference section */
		C97CB8792A9F5E3600ED78EB /* ShoppingApp.app */ = {isa = PBXFileReference; explicitFileType = wrapper.application; includeInIndex = 0; path = ShoppingApp.app; sourceTree = BUILT_PRODUCTS_DIR; };
		C97CB87C2A9F5E3600ED78EB /* AppDelegate.swift */ = {isa = PBXFileReference; lastKnownFileType = sourcecode.swift; path = AppDelegate.swift; sourceTree = "<group>"; };
		C97CB87E2A9F5E3600ED78EB /* SceneDelegate.swift */ = {isa = PBXFileReference; lastKnownFileType = sourcecode.swift; path = SceneDelegate.swift; sourceTree = "<group>"; };
		C97CB8802A9F5E3600ED78EB /* ClothesVC.swift */ = {isa = PBXFileReference; lastKnownFileType = sourcecode.swift; path = ClothesVC.swift; sourceTree = "<group>"; };
		C97CB8852A9F5E3A00ED78EB /* Assets.xcassets */ = {isa = PBXFileReference; lastKnownFileType = folder.assetcatalog; path = Assets.xcassets; sourceTree = "<group>"; };
		C97CB8882A9F5E3A00ED78EB /* Base */ = {isa = PBXFileReference; lastKnownFileType = file.storyboard; name = Base; path = Base.lproj/LaunchScreen.storyboard; sourceTree = "<group>"; };
		C97CB88A2A9F5E3A00ED78EB /* Info.plist */ = {isa = PBXFileReference; lastKnownFileType = text.plist.xml; path = Info.plist; sourceTree = "<group>"; };
		C97CB8902A9F5F3500ED78EB /* SPTabBarController.swift */ = {isa = PBXFileReference; lastKnownFileType = sourcecode.swift; path = SPTabBarController.swift; sourceTree = "<group>"; };
		C97CB8972A9F62BD00ED78EB /* FavoritesVC.swift */ = {isa = PBXFileReference; lastKnownFileType = sourcecode.swift; path = FavoritesVC.swift; sourceTree = "<group>"; };
		C97CB89A2A9F9B8100ED78EB /* SPBodyLabel.swift */ = {isa = PBXFileReference; lastKnownFileType = sourcecode.swift; path = SPBodyLabel.swift; sourceTree = "<group>"; };
		C97CB89D2A9F9BAF00ED78EB /* SPButton.swift */ = {isa = PBXFileReference; lastKnownFileType = sourcecode.swift; path = SPButton.swift; sourceTree = "<group>"; };
		C97CB89F2A9F9BC600ED78EB /* SPTitleLabel.swift */ = {isa = PBXFileReference; lastKnownFileType = sourcecode.swift; path = SPTitleLabel.swift; sourceTree = "<group>"; };
		C97CB8A22A9F9CE200ED78EB /* ClotheCell.swift */ = {isa = PBXFileReference; lastKnownFileType = sourcecode.swift; path = ClotheCell.swift; sourceTree = "<group>"; };
		C97CB8A42A9F9CF200ED78EB /* ProductCell.swift */ = {isa = PBXFileReference; lastKnownFileType = sourcecode.swift; path = ProductCell.swift; sourceTree = "<group>"; };
		C97CB8A62A9F9DD600ED78EB /* ItemImageView.swift */ = {isa = PBXFileReference; lastKnownFileType = sourcecode.swift; path = ItemImageView.swift; sourceTree = "<group>"; };
		C97CB8A92A9F9E2000ED78EB /* NetworkManager.swift */ = {isa = PBXFileReference; lastKnownFileType = sourcecode.swift; path = NetworkManager.swift; sourceTree = "<group>"; };
		C97CB8AC2A9F9F0F00ED78EB /* Product.swift */ = {isa = PBXFileReference; lastKnownFileType = sourcecode.swift; path = Product.swift; sourceTree = "<group>"; };
		C97CB8AE2A9FA6D100ED78EB /* APIService.swift */ = {isa = PBXFileReference; lastKnownFileType = sourcecode.swift; path = APIService.swift; sourceTree = "<group>"; };
		C97CB8B02A9FD29E00ED78EB /* SPCategoryHeaderView.swift */ = {isa = PBXFileReference; lastKnownFileType = sourcecode.swift; path = SPCategoryHeaderView.swift; sourceTree = "<group>"; };
		C97CB8B22AA0A29A00ED78EB /* ProductDetailVC.swift */ = {isa = PBXFileReference; lastKnownFileType = sourcecode.swift; path = ProductDetailVC.swift; sourceTree = "<group>"; };
		C97CB8B52AA0A49600ED78EB /* UIView+Ext.swift */ = {isa = PBXFileReference; lastKnownFileType = sourcecode.swift; path = "UIView+Ext.swift"; sourceTree = "<group>"; };
		C97CB8B72AA1029B00ED78EB /* HeaderItemCell.swift */ = {isa = PBXFileReference; lastKnownFileType = sourcecode.swift; path = HeaderItemCell.swift; sourceTree = "<group>"; };
		C97CB8BA2AA21D8900ED78EB /* FirstSectionHeaderView.swift */ = {isa = PBXFileReference; lastKnownFileType = sourcecode.swift; path = FirstSectionHeaderView.swift; sourceTree = "<group>"; };
		C97CB8BC2AA21E2C00ED78EB /* SecondSectionHeaderView.swift */ = {isa = PBXFileReference; lastKnownFileType = sourcecode.swift; path = SecondSectionHeaderView.swift; sourceTree = "<group>"; };
		C97CB8BE2AA21E3F00ED78EB /* ThirdSectionHeaderView.swift */ = {isa = PBXFileReference; lastKnownFileType = sourcecode.swift; path = ThirdSectionHeaderView.swift; sourceTree = "<group>"; };
		C97CB8C02AA33DA700ED78EB /* PersistenceManager.swift */ = {isa = PBXFileReference; lastKnownFileType = sourcecode.swift; path = PersistenceManager.swift; sourceTree = "<group>"; };
		C97CB8C22AA357AC00ED78EB /* FavoriteCell.swift */ = {isa = PBXFileReference; lastKnownFileType = sourcecode.swift; path = FavoriteCell.swift; sourceTree = "<group>"; };
		C97CB8C42AA51E0F00ED78EB /* BagVC.swift */ = {isa = PBXFileReference; lastKnownFileType = sourcecode.swift; path = BagVC.swift; sourceTree = "<group>"; };
		C97CB8C62AA5220E00ED78EB /* SPBorderedButton.swift */ = {isa = PBXFileReference; lastKnownFileType = sourcecode.swift; path = SPBorderedButton.swift; sourceTree = "<group>"; };
/* End PBXFileReference section */

/* Begin PBXFrameworksBuildPhase section */
		C97CB8762A9F5E3600ED78EB /* Frameworks */ = {
			isa = PBXFrameworksBuildPhase;
			buildActionMask = 2147483647;
			files = (
			);
			runOnlyForDeploymentPostprocessing = 0;
		};
/* End PBXFrameworksBuildPhase section */

/* Begin PBXGroup section */
		C97CB8702A9F5E3600ED78EB = {
			isa = PBXGroup;
			children = (
				C97CB87B2A9F5E3600ED78EB /* ShoppingApp */,
				C97CB87A2A9F5E3600ED78EB /* Products */,
			);
			sourceTree = "<group>";
		};
		C97CB87A2A9F5E3600ED78EB /* Products */ = {
			isa = PBXGroup;
			children = (
				C97CB8792A9F5E3600ED78EB /* ShoppingApp.app */,
			);
			name = Products;
			sourceTree = "<group>";
		};
		C97CB87B2A9F5E3600ED78EB /* ShoppingApp */ = {
			isa = PBXGroup;
			children = (
				C97CB8902A9F5F3500ED78EB /* SPTabBarController.swift */,
				C97CB8B42AA0A48D00ED78EB /* Files */,
				C97CB8AB2A9F9F0400ED78EB /* Models */,
				C97CB8A82A9F9E1300ED78EB /* Networking */,
				C97CB8922A9F5FA700ED78EB /* Utilities */,
				C97CB8962A9F5FF800ED78EB /* Screens */,
				C97CB8932A9F5FC900ED78EB /* ViewComponents */,
				C97CB88A2A9F5E3A00ED78EB /* Info.plist */,
			);
			path = ShoppingApp;
			sourceTree = "<group>";
		};
		C97CB8922A9F5FA700ED78EB /* Utilities */ = {
			isa = PBXGroup;
			children = (
				C97CB87C2A9F5E3600ED78EB /* AppDelegate.swift */,
				C97CB87E2A9F5E3600ED78EB /* SceneDelegate.swift */,
				C97CB8872A9F5E3A00ED78EB /* LaunchScreen.storyboard */,
				C97CB8852A9F5E3A00ED78EB /* Assets.xcassets */,
			);
			path = Utilities;
			sourceTree = "<group>";
		};
		C97CB8932A9F5FC900ED78EB /* ViewComponents */ = {
			isa = PBXGroup;
			children = (
				C97CB8B92AA21D4300ED78EB /* ReusableHeaderViews */,
				C97CB8A12A9F9CAA00ED78EB /* Cells */,
				C97CB89C2A9F9B8700ED78EB /* Buttons */,
				C97CB8992A9F9B6700ED78EB /* Labels */,
				C97CB8952A9F5FF100ED78EB /* ViewControllers */,
				C97CB8942A9F5FEC00ED78EB /* Views */,
			);
			path = ViewComponents;
			sourceTree = "<group>";
		};
		C97CB8942A9F5FEC00ED78EB /* Views */ = {
			isa = PBXGroup;
			children = (
				C97CB8A62A9F9DD600ED78EB /* ItemImageView.swift */,
				C97CB8B02A9FD29E00ED78EB /* SPCategoryHeaderView.swift */,
			);
			path = Views;
			sourceTree = "<group>";
		};
		C97CB8952A9F5FF100ED78EB /* ViewControllers */ = {
			isa = PBXGroup;
			children = (
				C97CB8B22AA0A29A00ED78EB /* ProductDetailVC.swift */,
			);
			path = ViewControllers;
			sourceTree = "<group>";
		};
		C97CB8962A9F5FF800ED78EB /* Screens */ = {
			isa = PBXGroup;
			children = (
				C97CB8802A9F5E3600ED78EB /* ClothesVC.swift */,
				C97CB8972A9F62BD00ED78EB /* FavoritesVC.swift */,
				C97CB8C42AA51E0F00ED78EB /* BagVC.swift */,
			);
			path = Screens;
			sourceTree = "<group>";
		};
		C97CB8992A9F9B6700ED78EB /* Labels */ = {
			isa = PBXGroup;
			children = (
				C97CB89F2A9F9BC600ED78EB /* SPTitleLabel.swift */,
				C97CB89A2A9F9B8100ED78EB /* SPBodyLabel.swift */,
			);
			path = Labels;
			sourceTree = "<group>";
		};
		C97CB89C2A9F9B8700ED78EB /* Buttons */ = {
			isa = PBXGroup;
			children = (
				C97CB89D2A9F9BAF00ED78EB /* SPButton.swift */,
				C97CB8C62AA5220E00ED78EB /* SPBorderedButton.swift */,
			);
			path = Buttons;
			sourceTree = "<group>";
		};
		C97CB8A12A9F9CAA00ED78EB /* Cells */ = {
			isa = PBXGroup;
			children = (
				C97CB8A22A9F9CE200ED78EB /* ClotheCell.swift */,
				C97CB8A42A9F9CF200ED78EB /* ProductCell.swift */,
				C97CB8C22AA357AC00ED78EB /* FavoriteCell.swift */,
				C97CB8B72AA1029B00ED78EB /* HeaderItemCell.swift */,
			);
			path = Cells;
			sourceTree = "<group>";
		};
		C97CB8A82A9F9E1300ED78EB /* Networking */ = {
			isa = PBXGroup;
			children = (
				C97CB8A92A9F9E2000ED78EB /* NetworkManager.swift */,
				C97CB8AE2A9FA6D100ED78EB /* APIService.swift */,
			);
			path = Networking;
			sourceTree = "<group>";
		};
		C97CB8AB2A9F9F0400ED78EB /* Models */ = {
			isa = PBXGroup;
			children = (
				C97CB8AC2A9F9F0F00ED78EB /* Product.swift */,
			);
			path = Models;
			sourceTree = "<group>";
		};
		C97CB8B42AA0A48D00ED78EB /* Files */ = {
			isa = PBXGroup;
			children = (
				C97CB8B52AA0A49600ED78EB /* UIView+Ext.swift */,
				C97CB8C02AA33DA700ED78EB /* PersistenceManager.swift */,
			);
			path = Files;
			sourceTree = "<group>";
		};
		C97CB8B92AA21D4300ED78EB /* ReusableHeaderViews */ = {
			isa = PBXGroup;
			children = (
				C97CB8BA2AA21D8900ED78EB /* FirstSectionHeaderView.swift */,
				C97CB8BC2AA21E2C00ED78EB /* SecondSectionHeaderView.swift */,
				C97CB8BE2AA21E3F00ED78EB /* ThirdSectionHeaderView.swift */,
			);
			path = ReusableHeaderViews;
			sourceTree = "<group>";
		};
/* End PBXGroup section */

/* Begin PBXNativeTarget section */
		C97CB8782A9F5E3600ED78EB /* ShoppingApp */ = {
			isa = PBXNativeTarget;
			buildConfigurationList = C97CB88D2A9F5E3A00ED78EB /* Build configuration list for PBXNativeTarget "ShoppingApp" */;
			buildPhases = (
				C97CB8752A9F5E3600ED78EB /* Sources */,
				C97CB8762A9F5E3600ED78EB /* Frameworks */,
				C97CB8772A9F5E3600ED78EB /* Resources */,
			);
			buildRules = (
			);
			dependencies = (
			);
			name = ShoppingApp;
			productName = ShoppingApp;
			productReference = C97CB8792A9F5E3600ED78EB /* ShoppingApp.app */;
			productType = "com.apple.product-type.application";
		};
/* End PBXNativeTarget section */

/* Begin PBXProject section */
		C97CB8712A9F5E3600ED78EB /* Project object */ = {
			isa = PBXProject;
			attributes = {
				BuildIndependentTargetsInParallel = 1;
				LastSwiftUpdateCheck = 1430;
				LastUpgradeCheck = 1430;
				TargetAttributes = {
					C97CB8782A9F5E3600ED78EB = {
						CreatedOnToolsVersion = 14.3.1;
					};
				};
			};
			buildConfigurationList = C97CB8742A9F5E3600ED78EB /* Build configuration list for PBXProject "ShoppingApp" */;
			compatibilityVersion = "Xcode 14.0";
			developmentRegion = en;
			hasScannedForEncodings = 0;
			knownRegions = (
				en,
				Base,
			);
			mainGroup = C97CB8702A9F5E3600ED78EB;
			productRefGroup = C97CB87A2A9F5E3600ED78EB /* Products */;
			projectDirPath = "";
			projectRoot = "";
			targets = (
				C97CB8782A9F5E3600ED78EB /* ShoppingApp */,
			);
		};
/* End PBXProject section */

/* Begin PBXResourcesBuildPhase section */
		C97CB8772A9F5E3600ED78EB /* Resources */ = {
			isa = PBXResourcesBuildPhase;
			buildActionMask = 2147483647;
			files = (
				C97CB8892A9F5E3A00ED78EB /* LaunchScreen.storyboard in Resources */,
				C97CB8862A9F5E3A00ED78EB /* Assets.xcassets in Resources */,
			);
			runOnlyForDeploymentPostprocessing = 0;
		};
/* End PBXResourcesBuildPhase section */

/* Begin PBXSourcesBuildPhase section */
		C97CB8752A9F5E3600ED78EB /* Sources */ = {
			isa = PBXSourcesBuildPhase;
			buildActionMask = 2147483647;
			files = (
				C97CB8B62AA0A49600ED78EB /* UIView+Ext.swift in Sources */,
				C97CB8AA2A9F9E2000ED78EB /* NetworkManager.swift in Sources */,
				C97CB8C32AA357AC00ED78EB /* FavoriteCell.swift in Sources */,
				C97CB8BB2AA21D8900ED78EB /* FirstSectionHeaderView.swift in Sources */,
				C97CB8B12A9FD29E00ED78EB /* SPCategoryHeaderView.swift in Sources */,
				C97CB8B82AA1029B00ED78EB /* HeaderItemCell.swift in Sources */,
				C97CB8BD2AA21E2C00ED78EB /* SecondSectionHeaderView.swift in Sources */,
				C97CB8A32A9F9CE200ED78EB /* ClotheCell.swift in Sources */,
				C97CB89E2A9F9BAF00ED78EB /* SPButton.swift in Sources */,
				C97CB8982A9F62BD00ED78EB /* FavoritesVC.swift in Sources */,
				C97CB8C12AA33DA800ED78EB /* PersistenceManager.swift in Sources */,
				C97CB8A02A9F9BC600ED78EB /* SPTitleLabel.swift in Sources */,
				C97CB8812A9F5E3600ED78EB /* ClothesVC.swift in Sources */,
				C97CB87D2A9F5E3600ED78EB /* AppDelegate.swift in Sources */,
				C97CB89B2A9F9B8100ED78EB /* SPBodyLabel.swift in Sources */,
				C97CB8AF2A9FA6D100ED78EB /* APIService.swift in Sources */,
				C97CB8A52A9F9CF200ED78EB /* ProductCell.swift in Sources */,
				C97CB8C52AA51E0F00ED78EB /* BagVC.swift in Sources */,
				C97CB8AD2A9F9F0F00ED78EB /* Product.swift in Sources */,
				C97CB8912A9F5F3500ED78EB /* SPTabBarController.swift in Sources */,
				C97CB8C72AA5220E00ED78EB /* SPBorderedButton.swift in Sources */,
				C97CB8B32AA0A29A00ED78EB /* ProductDetailVC.swift in Sources */,
				C97CB87F2A9F5E3600ED78EB /* SceneDelegate.swift in Sources */,
				C97CB8BF2AA21E3F00ED78EB /* ThirdSectionHeaderView.swift in Sources */,
				C97CB8A72A9F9DD600ED78EB /* ItemImageView.swift in Sources */,
			);
			runOnlyForDeploymentPostprocessing = 0;
		};
/* End PBXSourcesBuildPhase section */

/* Begin PBXVariantGroup section */
		C97CB8872A9F5E3A00ED78EB /* LaunchScreen.storyboard */ = {
			isa = PBXVariantGroup;
			children = (
				C97CB8882A9F5E3A00ED78EB /* Base */,
			);
			name = LaunchScreen.storyboard;
			sourceTree = "<group>";
		};
/* End PBXVariantGroup section */

/* Begin XCBuildConfiguration section */
		C97CB88B2A9F5E3A00ED78EB /* Debug */ = {
			isa = XCBuildConfiguration;
			buildSettings = {
				ALWAYS_SEARCH_USER_PATHS = NO;
				CLANG_ANALYZER_NONNULL = YES;
				CLANG_ANALYZER_NUMBER_OBJECT_CONVERSION = YES_AGGRESSIVE;
				CLANG_CXX_LANGUAGE_STANDARD = "gnu++20";
				CLANG_ENABLE_MODULES = YES;
				CLANG_ENABLE_OBJC_ARC = YES;
				CLANG_ENABLE_OBJC_WEAK = YES;
				CLANG_WARN_BLOCK_CAPTURE_AUTORELEASING = YES;
				CLANG_WARN_BOOL_CONVERSION = YES;
				CLANG_WARN_COMMA = YES;
				CLANG_WARN_CONSTANT_CONVERSION = YES;
				CLANG_WARN_DEPRECATED_OBJC_IMPLEMENTATIONS = YES;
				CLANG_WARN_DIRECT_OBJC_ISA_USAGE = YES_ERROR;
				CLANG_WARN_DOCUMENTATION_COMMENTS = YES;
				CLANG_WARN_EMPTY_BODY = YES;
				CLANG_WARN_ENUM_CONVERSION = YES;
				CLANG_WARN_INFINITE_RECURSION = YES;
				CLANG_WARN_INT_CONVERSION = YES;
				CLANG_WARN_NON_LITERAL_NULL_CONVERSION = YES;
				CLANG_WARN_OBJC_IMPLICIT_RETAIN_SELF = YES;
				CLANG_WARN_OBJC_LITERAL_CONVERSION = YES;
				CLANG_WARN_OBJC_ROOT_CLASS = YES_ERROR;
				CLANG_WARN_QUOTED_INCLUDE_IN_FRAMEWORK_HEADER = YES;
				CLANG_WARN_RANGE_LOOP_ANALYSIS = YES;
				CLANG_WARN_STRICT_PROTOTYPES = YES;
				CLANG_WARN_SUSPICIOUS_MOVE = YES;
				CLANG_WARN_UNGUARDED_AVAILABILITY = YES_AGGRESSIVE;
				CLANG_WARN_UNREACHABLE_CODE = YES;
				CLANG_WARN__DUPLICATE_METHOD_MATCH = YES;
				COPY_PHASE_STRIP = NO;
				DEBUG_INFORMATION_FORMAT = dwarf;
				ENABLE_STRICT_OBJC_MSGSEND = YES;
				ENABLE_TESTABILITY = YES;
				GCC_C_LANGUAGE_STANDARD = gnu11;
				GCC_DYNAMIC_NO_PIC = NO;
				GCC_NO_COMMON_BLOCKS = YES;
				GCC_OPTIMIZATION_LEVEL = 0;
				GCC_PREPROCESSOR_DEFINITIONS = (
					"DEBUG=1",
					"$(inherited)",
				);
				GCC_WARN_64_TO_32_BIT_CONVERSION = YES;
				GCC_WARN_ABOUT_RETURN_TYPE = YES_ERROR;
				GCC_WARN_UNDECLARED_SELECTOR = YES;
				GCC_WARN_UNINITIALIZED_AUTOS = YES_AGGRESSIVE;
				GCC_WARN_UNUSED_FUNCTION = YES;
				GCC_WARN_UNUSED_VARIABLE = YES;
				IPHONEOS_DEPLOYMENT_TARGET = 16.4;
				MTL_ENABLE_DEBUG_INFO = INCLUDE_SOURCE;
				MTL_FAST_MATH = YES;
				ONLY_ACTIVE_ARCH = YES;
				SDKROOT = iphoneos;
				SWIFT_ACTIVE_COMPILATION_CONDITIONS = DEBUG;
				SWIFT_OPTIMIZATION_LEVEL = "-Onone";
			};
			name = Debug;
		};
		C97CB88C2A9F5E3A00ED78EB /* Release */ = {
			isa = XCBuildConfiguration;
			buildSettings = {
				ALWAYS_SEARCH_USER_PATHS = NO;
				CLANG_ANALYZER_NONNULL = YES;
				CLANG_ANALYZER_NUMBER_OBJECT_CONVERSION = YES_AGGRESSIVE;
				CLANG_CXX_LANGUAGE_STANDARD = "gnu++20";
				CLANG_ENABLE_MODULES = YES;
				CLANG_ENABLE_OBJC_ARC = YES;
				CLANG_ENABLE_OBJC_WEAK = YES;
				CLANG_WARN_BLOCK_CAPTURE_AUTORELEASING = YES;
				CLANG_WARN_BOOL_CONVERSION = YES;
				CLANG_WARN_COMMA = YES;
				CLANG_WARN_CONSTANT_CONVERSION = YES;
				CLANG_WARN_DEPRECATED_OBJC_IMPLEMENTATIONS = YES;
				CLANG_WARN_DIRECT_OBJC_ISA_USAGE = YES_ERROR;
				CLANG_WARN_DOCUMENTATION_COMMENTS = YES;
				CLANG_WARN_EMPTY_BODY = YES;
				CLANG_WARN_ENUM_CONVERSION = YES;
				CLANG_WARN_INFINITE_RECURSION = YES;
				CLANG_WARN_INT_CONVERSION = YES;
				CLANG_WARN_NON_LITERAL_NULL_CONVERSION = YES;
				CLANG_WARN_OBJC_IMPLICIT_RETAIN_SELF = YES;
				CLANG_WARN_OBJC_LITERAL_CONVERSION = YES;
				CLANG_WARN_OBJC_ROOT_CLASS = YES_ERROR;
				CLANG_WARN_QUOTED_INCLUDE_IN_FRAMEWORK_HEADER = YES;
				CLANG_WARN_RANGE_LOOP_ANALYSIS = YES;
				CLANG_WARN_STRICT_PROTOTYPES = YES;
				CLANG_WARN_SUSPICIOUS_MOVE = YES;
				CLANG_WARN_UNGUARDED_AVAILABILITY = YES_AGGRESSIVE;
				CLANG_WARN_UNREACHABLE_CODE = YES;
				CLANG_WARN__DUPLICATE_METHOD_MATCH = YES;
				COPY_PHASE_STRIP = NO;
				DEBUG_INFORMATION_FORMAT = "dwarf-with-dsym";
				ENABLE_NS_ASSERTIONS = NO;
				ENABLE_STRICT_OBJC_MSGSEND = YES;
				GCC_C_LANGUAGE_STANDARD = gnu11;
				GCC_NO_COMMON_BLOCKS = YES;
				GCC_WARN_64_TO_32_BIT_CONVERSION = YES;
				GCC_WARN_ABOUT_RETURN_TYPE = YES_ERROR;
				GCC_WARN_UNDECLARED_SELECTOR = YES;
				GCC_WARN_UNINITIALIZED_AUTOS = YES_AGGRESSIVE;
				GCC_WARN_UNUSED_FUNCTION = YES;
				GCC_WARN_UNUSED_VARIABLE = YES;
				IPHONEOS_DEPLOYMENT_TARGET = 16.4;
				MTL_ENABLE_DEBUG_INFO = NO;
				MTL_FAST_MATH = YES;
				SDKROOT = iphoneos;
				SWIFT_COMPILATION_MODE = wholemodule;
				SWIFT_OPTIMIZATION_LEVEL = "-O";
				VALIDATE_PRODUCT = YES;
			};
			name = Release;
		};
		C97CB88E2A9F5E3A00ED78EB /* Debug */ = {
			isa = XCBuildConfiguration;
			buildSettings = {
				ASSETCATALOG_COMPILER_APPICON_NAME = AppIcon;
				ASSETCATALOG_COMPILER_GLOBAL_ACCENT_COLOR_NAME = AccentColor;
				CODE_SIGN_STYLE = Automatic;
				CURRENT_PROJECT_VERSION = 1;
				DEVELOPMENT_TEAM = G8MSA22VSU;
				GENERATE_INFOPLIST_FILE = YES;
				INFOPLIST_FILE = ShoppingApp/Info.plist;
				INFOPLIST_KEY_UIApplicationSupportsIndirectInputEvents = YES;
				INFOPLIST_KEY_UILaunchStoryboardName = LaunchScreen;
				INFOPLIST_KEY_UISupportedInterfaceOrientations_iPad = "UIInterfaceOrientationPortrait UIInterfaceOrientationPortraitUpsideDown UIInterfaceOrientationLandscapeLeft UIInterfaceOrientationLandscapeRight";
				INFOPLIST_KEY_UISupportedInterfaceOrientations_iPhone = "UIInterfaceOrientationPortrait UIInterfaceOrientationLandscapeLeft UIInterfaceOrientationLandscapeRight";
				LD_RUNPATH_SEARCH_PATHS = (
					"$(inherited)",
					"@executable_path/Frameworks",
				);
				MARKETING_VERSION = 1.0;
				PRODUCT_BUNDLE_IDENTIFIER = com.alpaycalalli.ShoppingApp;
				PRODUCT_NAME = "$(TARGET_NAME)";
				SWIFT_EMIT_LOC_STRINGS = YES;
				SWIFT_VERSION = 5.0;
				TARGETED_DEVICE_FAMILY = "1,2";
			};
			name = Debug;
		};
		C97CB88F2A9F5E3A00ED78EB /* Release */ = {
			isa = XCBuildConfiguration;
			buildSettings = {
				ASSETCATALOG_COMPILER_APPICON_NAME = AppIcon;
				ASSETCATALOG_COMPILER_GLOBAL_ACCENT_COLOR_NAME = AccentColor;
				CODE_SIGN_STYLE = Automatic;
				CURRENT_PROJECT_VERSION = 1;
				DEVELOPMENT_TEAM = G8MSA22VSU;
				GENERATE_INFOPLIST_FILE = YES;
				INFOPLIST_FILE = ShoppingApp/Info.plist;
				INFOPLIST_KEY_UIApplicationSupportsIndirectInputEvents = YES;
				INFOPLIST_KEY_UILaunchStoryboardName = LaunchScreen;
				INFOPLIST_KEY_UISupportedInterfaceOrientations_iPad = "UIInterfaceOrientationPortrait UIInterfaceOrientationPortraitUpsideDown UIInterfaceOrientationLandscapeLeft UIInterfaceOrientationLandscapeRight";
				INFOPLIST_KEY_UISupportedInterfaceOrientations_iPhone = "UIInterfaceOrientationPortrait UIInterfaceOrientationLandscapeLeft UIInterfaceOrientationLandscapeRight";
				LD_RUNPATH_SEARCH_PATHS = (
					"$(inherited)",
					"@executable_path/Frameworks",
				);
				MARKETING_VERSION = 1.0;
				PRODUCT_BUNDLE_IDENTIFIER = com.alpaycalalli.ShoppingApp;
				PRODUCT_NAME = "$(TARGET_NAME)";
				SWIFT_EMIT_LOC_STRINGS = YES;
				SWIFT_VERSION = 5.0;
				TARGETED_DEVICE_FAMILY = "1,2";
			};
			name = Release;
		};
/* End XCBuildConfiguration section */

/* Begin XCConfigurationList section */
		C97CB8742A9F5E3600ED78EB /* Build configuration list for PBXProject "ShoppingApp" */ = {
			isa = XCConfigurationList;
			buildConfigurations = (
				C97CB88B2A9F5E3A00ED78EB /* Debug */,
				C97CB88C2A9F5E3A00ED78EB /* Release */,
			);
			defaultConfigurationIsVisible = 0;
			defaultConfigurationName = Release;
		};
		C97CB88D2A9F5E3A00ED78EB /* Build configuration list for PBXNativeTarget "ShoppingApp" */ = {
			isa = XCConfigurationList;
			buildConfigurations = (
				C97CB88E2A9F5E3A00ED78EB /* Debug */,
				C97CB88F2A9F5E3A00ED78EB /* Release */,
			);
			defaultConfigurationIsVisible = 0;
			defaultConfigurationName = Release;
		};
/* End XCConfigurationList section */
	};
	rootObject = C97CB8712A9F5E3600ED78EB /* Project object */;
}
